{
	"name": "mpx-template-server",
	"version": "1.0.0",
	"lockfileVersion": 1,
	"requires": true,
	"dependencies": {
		"@adobe/css-tools": {
			"version": "4.3.1",
			"resolved": "https://registry.npmjs.org/@adobe/css-tools/-/css-tools-4.3.1.tgz",
			"integrity": "sha512-/62yikz7NLScCGAAST5SHdnjaDJQBDq0M2muyRTpf2VQhw6StBg2ALiu73zSJQ4fMVLA+0uBhBHAle7Wg+2kSg=="
		},
		"@babel/helper-string-parser": {
			"version": "7.22.5",
			"resolved": "http://artifactory.intra.xiaojukeji.com/artifactory/api/npm/npm/@babel/helper-string-parser/-/helper-string-parser-7.22.5.tgz?dl=https%3A%2F%2Fregistry.npmmirror.com%2F%40babel%2Fhelper-string-parser%2F-%2Fhelper-string-parser-7.22.5.tgz",
			"integrity": "sha512-mM4COjgZox8U+JcXQwPijIZLElkgEpO5rsERVDJTc2qfCDfERyob6k5WegS14SX18IIjv+XD+GrqNumY5JRCDw==",
			"dev": true
		},
		"@babel/helper-validator-identifier": {
			"version": "7.22.20",
			"resolved": "http://artifactory.intra.xiaojukeji.com/artifactory/api/npm/npm/@babel/helper-validator-identifier/-/helper-validator-identifier-7.22.20.tgz?dl=https%3A%2F%2Fregistry.npmmirror.com%2F%40babel%2Fhelper-validator-identifier%2F-%2Fhelper-validator-identifier-7.22.20.tgz",
			"integrity": "sha512-Y4OZ+ytlatR8AI+8KZfKuL5urKp7qey08ha31L8b3BwewJAoJamTzyvxPR/5D+KkdJCGPq/+8TukHBlY10FX9A==",
			"dev": true
		},
		"@babel/parser": {
			"version": "7.23.0",
			"resolved": "http://artifactory.intra.xiaojukeji.com/artifactory/api/npm/npm/@babel/parser/-/parser-7.23.0.tgz?dl=https%3A%2F%2Fregistry.npmmirror.com%2F%40babel%2Fparser%2F-%2Fparser-7.23.0.tgz",
			"integrity": "sha512-vvPKKdMemU85V9WE/l5wZEmImpCtLqbnTvqDS2U1fJ96KrxoW7KrXhNsNCblQlg8Ck4b85yxdTyelsMUgFUXiw=="
		},
		"@babel/types": {
			"version": "7.23.0",
			"resolved": "http://artifactory.intra.xiaojukeji.com/artifactory/api/npm/npm/@babel/types/-/types-7.23.0.tgz?dl=https%3A%2F%2Fregistry.npmmirror.com%2F%40babel%2Ftypes%2F-%2Ftypes-7.23.0.tgz",
			"integrity": "sha512-0oIyUfKoI3mSqMvsxBdclDwxXKXAUA8v/apZbc+iSyARYou1o8ZGDxbUYyLFoW2arqS2jDGqJuZvv1d/io1axg==",
			"dev": true,
			"requires": {
				"@babel/helper-string-parser": "^7.22.5",
				"@babel/helper-validator-identifier": "^7.22.20",
				"to-fast-properties": "^2.0.0"
			}
		},
		"@jridgewell/sourcemap-codec": {
			"version": "1.4.15",
			"resolved": "http://artifactory.intra.xiaojukeji.com/artifactory/api/npm/npm/@jridgewell/sourcemap-codec/-/sourcemap-codec-1.4.15.tgz?dl=https%3A%2F%2Fregistry.npmmirror.com%2F%40jridgewell%2Fsourcemap-codec%2F-%2Fsourcemap-codec-1.4.15.tgz",
			"integrity": "sha512-eF2rxCRulEKXHTRiDrDy6erMYWqNw4LPdQ8UQA4huuxaQsVeRPFl2oM8oDGxMFhJUWZf9McpLtJasDDZb/Bpeg=="
		},
		"@types/node": {
			"version": "20.9.0",
			"resolved": "https://registry.npmjs.org/@types/node/-/node-20.9.0.tgz",
			"integrity": "sha512-nekiGu2NDb1BcVofVcEKMIwzlx4NjHlcjhoxxKBNLtz15Y1z7MYf549DFvkHSId02Ax6kGwWntIBPC3l/JZcmw==",
			"dev": true,
			"requires": {
				"undici-types": "~5.26.4"
			}
		},
		"@types/stylus": {
			"version": "0.48.42",
			"resolved": "https://registry.npmjs.org/@types/stylus/-/stylus-0.48.42.tgz",
			"integrity": "sha512-CPGlr5teL4sqdap+EOowMifLuNGeIoLwc0VQ7u/BPxo+ocqiNa5jeVt0H0IVBblEh6ZwX1sGpIQIFnSSr8NBQA==",
			"dev": true,
			"requires": {
				"@types/node": "*"
			}
		},
		"@vue/compiler-core": {
			"version": "3.3.4",
			"resolved": "http://artifactory.intra.xiaojukeji.com/artifactory/api/npm/npm/@vue/compiler-core/-/compiler-core-3.3.4.tgz?dl=https%3A%2F%2Fregistry.npmmirror.com%2F%40vue%2Fcompiler-core%2F-%2Fcompiler-core-3.3.4.tgz",
			"integrity": "sha512-cquyDNvZ6jTbf/+x+AgM2Arrp6G4Dzbb0R64jiG804HRMfRiFXWI6kqUVqZ6ZR0bQhIoQjB4+2bhNtVwndW15g==",
			"requires": {
				"@babel/parser": "^7.21.3",
				"@vue/shared": "3.3.4",
				"estree-walker": "^2.0.2",
				"source-map-js": "^1.0.2"
			}
		},
		"@vue/compiler-dom": {
			"version": "3.3.4",
			"resolved": "http://artifactory.intra.xiaojukeji.com/artifactory/api/npm/npm/@vue/compiler-dom/-/compiler-dom-3.3.4.tgz?dl=https%3A%2F%2Fregistry.npmmirror.com%2F%40vue%2Fcompiler-dom%2F-%2Fcompiler-dom-3.3.4.tgz",
			"integrity": "sha512-wyM+OjOVpuUukIq6p5+nwHYtj9cFroz9cwkfmP9O1nzH68BenTTv0u7/ndggT8cIQlnBeOo6sUT/gvHcIkLA5w==",
			"requires": {
				"@vue/compiler-core": "3.3.4",
				"@vue/shared": "3.3.4"
			}
		},
		"@vue/compiler-sfc": {
			"version": "3.3.4",
			"resolved": "http://artifactory.intra.xiaojukeji.com/artifactory/api/npm/npm/@vue/compiler-sfc/-/compiler-sfc-3.3.4.tgz?dl=https%3A%2F%2Fregistry.npmmirror.com%2F%40vue%2Fcompiler-sfc%2F-%2Fcompiler-sfc-3.3.4.tgz",
			"integrity": "sha512-6y/d8uw+5TkCuzBkgLS0v3lSM3hJDntFEiUORM11pQ/hKvkhSKZrXW6i69UyXlJQisJxuUEJKAWEqWbWsLeNKQ==",
			"requires": {
				"@babel/parser": "^7.20.15",
				"@vue/compiler-core": "3.3.4",
				"@vue/compiler-dom": "3.3.4",
				"@vue/compiler-ssr": "3.3.4",
				"@vue/reactivity-transform": "3.3.4",
				"@vue/shared": "3.3.4",
				"estree-walker": "^2.0.2",
				"magic-string": "^0.30.0",
				"postcss": "^8.1.10",
				"source-map-js": "^1.0.2"
			}
		},
		"@vue/compiler-ssr": {
			"version": "3.3.4",
			"resolved": "http://artifactory.intra.xiaojukeji.com/artifactory/api/npm/npm/@vue/compiler-ssr/-/compiler-ssr-3.3.4.tgz?dl=https%3A%2F%2Fregistry.npmmirror.com%2F%40vue%2Fcompiler-ssr%2F-%2Fcompiler-ssr-3.3.4.tgz",
			"integrity": "sha512-m0v6oKpup2nMSehwA6Uuu+j+wEwcy7QmwMkVNVfrV9P2qE5KshC6RwOCq8fjGS/Eak/uNb8AaWekfiXxbBB6gQ==",
			"requires": {
				"@vue/compiler-dom": "3.3.4",
				"@vue/shared": "3.3.4"
			}
		},
		"@vue/reactivity-transform": {
			"version": "3.3.4",
			"resolved": "http://artifactory.intra.xiaojukeji.com/artifactory/api/npm/npm/@vue/reactivity-transform/-/reactivity-transform-3.3.4.tgz?dl=https%3A%2F%2Fregistry.npmmirror.com%2F%40vue%2Freactivity-transform%2F-%2Freactivity-transform-3.3.4.tgz",
			"integrity": "sha512-MXgwjako4nu5WFLAjpBnCj/ieqcjE2aJBINUNQzkZQfzIZA4xn+0fV1tIYBJvvva3N3OvKGofRLvQIwEQPpaXw==",
			"requires": {
				"@babel/parser": "^7.20.15",
				"@vue/compiler-core": "3.3.4",
				"@vue/shared": "3.3.4",
				"estree-walker": "^2.0.2",
				"magic-string": "^0.30.0"
			}
		},
		"@vue/shared": {
			"version": "3.3.4",
			"resolved": "http://artifactory.intra.xiaojukeji.com/artifactory/api/npm/npm/@vue/shared/-/shared-3.3.4.tgz?dl=https%3A%2F%2Fregistry.npmmirror.com%2F%40vue%2Fshared%2F-%2Fshared-3.3.4.tgz",
			"integrity": "sha512-7OjdcV8vQ74eiz1TZLzZP4JwqM5fA94K6yntPS5Z25r9HDuGNzaGdgvwKYq6S+MxwF0TFRwe50fIR/MYnakdkQ=="
		},
		"balanced-match": {
			"version": "1.0.2",
			"resolved": "https://registry.npmjs.org/balanced-match/-/balanced-match-1.0.2.tgz",
			"integrity": "sha512-3oSeUO0TMV67hN1AmbXsK4yaqU7tjiHlbxRDZOpH0KW9+CeX4bRAaX0Anxt0tx2MrpRpWwQaPwIlISEJhYU5Pw=="
		},
		"brace-expansion": {
			"version": "1.1.11",
			"resolved": "https://registry.npmjs.org/brace-expansion/-/brace-expansion-1.1.11.tgz",
			"integrity": "sha512-iCuPHDFgrHX7H2vEI/5xpz07zSHB00TpugqhmYtVmMO6518mCuRMoOYFldEBl0g187ufozdaHgWKcYFb61qGiA==",
			"requires": {
				"balanced-match": "^1.0.0",
				"concat-map": "0.0.1"
			}
		},
		"concat-map": {
			"version": "0.0.1",
			"resolved": "https://registry.npmjs.org/concat-map/-/concat-map-0.0.1.tgz",
			"integrity": "sha512-/Srv4dswyQNBfohGpz9o6Yb3Gz3SrUDqBH5rTuhGR7ahtlbYKnVxw2bCFMRljaA7EXHaXZ8wsHdodFvbkhKmqg=="
		},
		"debug": {
			"version": "4.3.4",
			"resolved": "https://registry.npmjs.org/debug/-/debug-4.3.4.tgz",
			"integrity": "sha512-PRWFHuSU3eDtQJPvnNY7Jcket1j0t5OuOsFzPPzsekD52Zl8qUfFIPEiswXqIvHWGVHOgX+7G/vCNNhehwxfkQ==",
			"requires": {
				"ms": "2.1.2"
			}
		},
		"estree-walker": {
			"version": "2.0.2",
			"resolved": "http://artifactory.intra.xiaojukeji.com/artifactory/api/npm/npm/estree-walker/-/estree-walker-2.0.2.tgz?dl=https%3A%2F%2Fregistry.npmmirror.com%2Festree-walker%2F-%2Festree-walker-2.0.2.tgz",
			"integrity": "sha512-Rfkk/Mp/DL7JVje3u18FxFujQlTNR2q6QfMSMB7AvCBx91NGj/ba3kCfza0f6dVDbw7YlRf/nDrn7pQrCCyQ/w=="
		},
		"fs.realpath": {
			"version": "1.0.0",
			"resolved": "https://registry.npmjs.org/fs.realpath/-/fs.realpath-1.0.0.tgz",
			"integrity": "sha512-OO0pH2lK6a0hZnAdau5ItzHPI6pUlvI7jMVnxUQRtw4owF2wk8lOSabtGDCTP4Ggrg2MbGnWO9X8K1t4+fGMDw=="
		},
		"glob": {
			"version": "7.2.3",
			"resolved": "https://registry.npmjs.org/glob/-/glob-7.2.3.tgz",
			"integrity": "sha512-nFR0zLpU2YCaRxwoCJvL6UvCH2JFyFVIvwTLsIf21AuHlMskA1hhTdk+LlYJtOlYt9v6dvszD2BGRqBL+iQK9Q==",
			"requires": {
				"fs.realpath": "^1.0.0",
				"inflight": "^1.0.4",
				"inherits": "2",
				"minimatch": "^3.1.1",
				"once": "^1.3.0",
				"path-is-absolute": "^1.0.0"
			}
		},
		"inflight": {
			"version": "1.0.6",
			"resolved": "https://registry.npmjs.org/inflight/-/inflight-1.0.6.tgz",
			"integrity": "sha512-k92I/b08q4wvFscXCLvqfsHCrjrF7yiXsQuIVvVE7N82W3+aqpzuUdBbfhWcy/FZR3/4IgflMgKLOsvPDrGCJA==",
			"requires": {
				"once": "^1.3.0",
				"wrappy": "1"
			}
		},
		"inherits": {
			"version": "2.0.4",
			"resolved": "https://registry.npmjs.org/inherits/-/inherits-2.0.4.tgz",
			"integrity": "sha512-k/vGaX4/Yla3WzyMCvTQOXYeIHvqOKtnqBduzTHpzpQZzAskKMhZ2K+EnBiSM9zGSoIFeMpXKxa4dYeZIQqewQ=="
		},
		"magic-string": {
			"version": "0.30.5",
			"resolved": "http://artifactory.intra.xiaojukeji.com/artifactory/api/npm/npm/magic-string/-/magic-string-0.30.5.tgz?dl=https%3A%2F%2Fregistry.npmmirror.com%2Fmagic-string%2F-%2Fmagic-string-0.30.5.tgz",
			"integrity": "sha512-7xlpfBaQaP/T6Vh8MO/EqXSW5En6INHEvEXQiuff7Gku0PWjU3uf6w/j9o7O+SpB5fOAkrI5HeoNgwjEO0pFsA==",
			"requires": {
				"@jridgewell/sourcemap-codec": "^1.4.15"
			}
		},
		"minimatch": {
			"version": "3.1.2",
			"resolved": "https://registry.npmjs.org/minimatch/-/minimatch-3.1.2.tgz",
			"integrity": "sha512-J7p63hRiAjw1NDEww1W7i37+ByIrOWO5XQQAzZ3VOcL0PNybwpfmV/N05zFAzwQ9USyEcX6t3UO+K5aqBQOIHw==",
			"requires": {
				"brace-expansion": "^1.1.7"
			}
		},
		"ms": {
			"version": "2.1.2",
			"resolved": "https://registry.npmjs.org/ms/-/ms-2.1.2.tgz",
			"integrity": "sha512-sGkPx+VjMtmA6MX27oA4FBFELFCZZ4S4XqeGOXCv68tT+jb3vk/RyaKWP0PTKyWtmLSM0b+adUTEvbs1PEaH2w=="
		},
		"nanoid": {
			"version": "3.3.7",
			"resolved": "http://artifactory.intra.xiaojukeji.com/artifactory/api/npm/npm/nanoid/-/nanoid-3.3.7.tgz?dl=https%3A%2F%2Fregistry.npmmirror.com%2Fnanoid%2F-%2Fnanoid-3.3.7.tgz",
			"integrity": "sha512-eSRppjcPIatRIMC1U6UngP8XFcz8MQWGQdt1MTBQ7NaAmvXDfvNxbvWV3x2y6CdEUciCSsDHDQZbhYaB8QEo2g=="
		},
		"once": {
			"version": "1.4.0",
			"resolved": "https://registry.npmjs.org/once/-/once-1.4.0.tgz",
			"integrity": "sha512-lNaJgI+2Q5URQBkccEKHTQOPaXdUxnZZElQTZY0MFUAuaEqe1E+Nyvgdz/aIyNi6Z9MzO5dv1H8n58/GELp3+w==",
			"requires": {
				"wrappy": "1"
			}
		},
		"path-is-absolute": {
			"version": "1.0.1",
			"resolved": "https://registry.npmjs.org/path-is-absolute/-/path-is-absolute-1.0.1.tgz",
			"integrity": "sha512-AVbw3UJ2e9bq64vSaS9Am0fje1Pa8pbGqTTsmXfaIiMpnr5DlDhfJOuLj9Sf95ZPVDAUerDfEk88MPmPe7UCQg=="
		},
		"picocolors": {
			"version": "1.0.0",
			"resolved": "http://artifactory.intra.xiaojukeji.com/artifactory/api/npm/npm/picocolors/-/picocolors-1.0.0.tgz?dl=https%3A%2F%2Fregistry.npmmirror.com%2Fpicocolors%2F-%2Fpicocolors-1.0.0.tgz",
			"integrity": "sha512-1fygroTLlHu66zi26VoTDv8yRgm0Fccecssto+MhsZ0D/DGW2sm8E8AjW7NU5VVTRt5GxbeZ5qBuJr+HyLYkjQ=="
		},
		"postcss": {
			"version": "8.4.31",
			"resolved": "http://artifactory.intra.xiaojukeji.com/artifactory/api/npm/npm/postcss/-/postcss-8.4.31.tgz?dl=https%3A%2F%2Fregistry.npmmirror.com%2Fpostcss%2F-%2Fpostcss-8.4.31.tgz",
			"integrity": "sha512-PS08Iboia9mts/2ygV3eLpY5ghnUcfLV/EXTOW1E2qYxJKGGBUtNjN76FYHnMs36RmARn41bC0AZmn+rR0OVpQ==",
			"requires": {
				"nanoid": "^3.3.6",
				"picocolors": "^1.0.0",
				"source-map-js": "^1.0.2"
			}
		},
		"sax": {
			"version": "1.3.0",
			"resolved": "https://registry.npmjs.org/sax/-/sax-1.3.0.tgz",
			"integrity": "sha512-0s+oAmw9zLl1V1cS9BtZN7JAd0cW5e0QH4W3LWEK6a4LaLEA2OTpGYWDY+6XasBLtz6wkm3u1xRw95mRuJ59WA=="
		},
		"source-map": {
			"version": "0.7.4",
			"resolved": "https://registry.npmjs.org/source-map/-/source-map-0.7.4.tgz",
			"integrity": "sha512-l3BikUxvPOcn5E74dZiq5BGsTb5yEwhaTSzccU6t4sDOH8NWJCstKO5QT2CvtFoK6F0saL7p9xHAqHOlCPJygA=="
		},
		"source-map-js": {
			"version": "1.0.2",
			"resolved": "http://artifactory.intra.xiaojukeji.com/artifactory/api/npm/npm/source-map-js/-/source-map-js-1.0.2.tgz?dl=https%3A%2F%2Fregistry.npmmirror.com%2Fsource-map-js%2F-%2Fsource-map-js-1.0.2.tgz",
			"integrity": "sha512-R0XvVJ9WusLiqTCEiGCmICCMplcCkIwwR11mOSD9CR5u+IXYdiseeEuXCVAjS54zqwkLcPNnmU4OeJ6tUrWhDw=="
		},
		"stylus": {
			"version": "0.61.0",
			"resolved": "https://registry.npmjs.org/stylus/-/stylus-0.61.0.tgz",
			"integrity": "sha512-oaV9T4sRBiQfChXE0av9SrLD+ovEdQiWzPJ5kwIeYvMhjUDJnZtdubAG6lSSbaR4sCnoT6sw411IOl5Akcht4Q==",
			"requires": {
				"@adobe/css-tools": "~4.3.1",
				"debug": "^4.3.2",
				"glob": "^7.1.6",
				"sax": "~1.3.0",
				"source-map": "^0.7.3"
			}
		},
		"to-fast-properties": {
			"version": "2.0.0",
			"resolved": "http://artifactory.intra.xiaojukeji.com/artifactory/api/npm/npm/to-fast-properties/-/to-fast-properties-2.0.0.tgz?dl=https%3A%2F%2Fregistry.npmmirror.com%2Fto-fast-properties%2F-%2Fto-fast-properties-2.0.0.tgz",
			"integrity": "sha512-/OaKK0xYrs3DmxRYqL/yDc+FxFUVYhDlXMhRmv3z915w2HF1tnN1omB354j8VUGO/hbRzyD6Y3sA7v7GS/ceog==",
			"dev": true
		},
		"ts-debounce": {
			"version": "4.0.0",
			"resolved": "https://registry.npmjs.org/ts-debounce/-/ts-debounce-4.0.0.tgz",
			"integrity": "sha512-+1iDGY6NmOGidq7i7xZGA4cm8DAa6fqdYcvO5Z6yBevH++Bdo9Qt/mN0TzHUgcCcKv1gmh9+W5dHqz8pMWbCbg=="
		},
		"undici-types": {
			"version": "5.26.5",
			"resolved": "https://registry.npmjs.org/undici-types/-/undici-types-5.26.5.tgz",
			"integrity": "sha512-JlCMO+ehdEIKqlFxk6IfVoAUVmgz7cU7zD/h9XZ0qzeosSHmUJVOzSQvvYSYWXkFXC+IfLKSIffhv0sVZup6pA==",
			"dev": true
		},
		"vscode-jsonrpc": {
			"version": "8.1.0",
			"resolved": "https://registry.npmjs.org/vscode-jsonrpc/-/vscode-jsonrpc-8.1.0.tgz",
			"integrity": "sha512-6TDy/abTQk+zDGYazgbIPc+4JoXdwC8NHU9Pbn4UJP1fehUyZmM4RHp5IthX7A6L5KS30PRui+j+tbbMMMafdw=="
		},
		"vscode-languageserver": {
			"version": "8.1.0",
			"resolved": "https://registry.npmjs.org/vscode-languageserver/-/vscode-languageserver-8.1.0.tgz",
			"integrity": "sha512-eUt8f1z2N2IEUDBsKaNapkz7jl5QpskN2Y0G01T/ItMxBxw1fJwvtySGB9QMecatne8jFIWJGWI61dWjyTLQsw==",
			"requires": {
				"vscode-languageserver-protocol": "3.17.3"
			}
		},
		"vscode-languageserver-protocol": {
			"version": "3.17.3",
			"resolved": "https://registry.npmjs.org/vscode-languageserver-protocol/-/vscode-languageserver-protocol-3.17.3.tgz",
			"integrity": "sha512-924/h0AqsMtA5yK22GgMtCYiMdCOtWTSGgUOkgEDX+wk2b0x4sAfLiO4NxBxqbiVtz7K7/1/RgVrVI0NClZwqA==",
			"requires": {
				"vscode-jsonrpc": "8.1.0",
				"vscode-languageserver-types": "3.17.3"
			},
			"dependencies": {
				"vscode-languageserver-types": {
					"version": "3.17.3",
					"resolved": "http://artifactory.intra.xiaojukeji.com/artifactory/api/npm/npm/vscode-languageserver-types/-/vscode-languageserver-types-3.17.3.tgz?dl=https%3A%2F%2Fregistry.npmmirror.com%2Fvscode-languageserver-types%2F-%2Fvscode-languageserver-types-3.17.3.tgz",
					"integrity": "sha512-SYU4z1dL0PyIMd4Vj8YOqFvHu7Hz/enbWtpfnVbJHU4Nd1YNYx8u0ennumc6h48GQNeOLxmwySmnADouT/AuZA=="
				}
			}
		},
		"vscode-languageserver-textdocument": {
			"version": "1.0.8",
			"resolved": "https://registry.npmjs.org/vscode-languageserver-textdocument/-/vscode-languageserver-textdocument-1.0.8.tgz",
			"integrity": "sha512-1bonkGqQs5/fxGT5UchTgjGVnfysL0O8v1AYMBjqTbWQTFn721zaPGDYFkOKtfDgFiSgXM3KwaG3FMGfW4Ed9Q=="
		},
		"vscode-languageserver-types": {
			"version": "3.17.5",
			"resolved": "http://artifactory.intra.xiaojukeji.com/artifactory/api/npm/npm/vscode-languageserver-types/-/vscode-languageserver-types-3.17.5.tgz?dl=https%3A%2F%2Fregistry.npmmirror.com%2Fvscode-languageserver-types%2F-%2Fvscode-languageserver-types-3.17.5.tgz",
			"integrity": "sha512-Ld1VelNuX9pdF39h2Hgaeb5hEZM2Z3jUrrMgWQAu82jMtZp7p3vJT3BzToKtZI7NgQssZje5o0zryOrhQvzQAg==",
			"dev": true
		},
		"vscode-uri": {
			"version": "3.0.8",
			"resolved": "http://artifactory.intra.xiaojukeji.com/artifactory/api/npm/npm/vscode-uri/-/vscode-uri-3.0.8.tgz?dl=https%3A%2F%2Fregistry.npmmirror.com%2Fvscode-uri%2F-%2Fvscode-uri-3.0.8.tgz",
			"integrity": "sha512-AyFQ0EVmsOZOlAnxoFOGOq1SQDWAB7C6aqMGS23svWAllfOaxbuFvcT8D1i8z3Gyn8fraVeZNNmN6e9bxxXkKw=="
		},
		"wrappy": {
			"version": "1.0.2",
			"resolved": "https://registry.npmjs.org/wrappy/-/wrappy-1.0.2.tgz",
			"integrity": "sha512-l4Sp/DRseor9wL6EvV2+TuQn63dMkPjZ/sp9XkghTEbV9KlPS1xUsZ3u7/IQO4wxtcFB4bgpQPRcR3QCvezPcQ=="
		}
	}
}
